
Microsoft Visual Studio Solution File, Format Version 12.00
# Visual Studio 2015
Project("{FAE04EC0-301F-11D3-BF4B-00C04F79EFBC}") = "Praca Inżynierska.CSharp.Plugins", "Praca Inżynierska.CSharp.Plugins.csproj", "{BAFA2FBA-EC5F-04D6-BF29-0D192F35C261}"
EndProject
Project("{FAE04EC0-301F-11D3-BF4B-00C04F79EFBC}") = "Praca Inżynierska.CSharp", "Praca Inżynierska.CSharp.csproj", "{E5C02B01-CD46-1B1B-4F62-76F77FEBC80D}"
EndProject
Project("{FAE04EC0-301F-11D3-BF4B-00C04F79EFBC}") = "Praca Inżynierska.CSharp.Editor", "Praca Inżynierska.CSharp.Editor.csproj", "{000CB633-0D45-BC8C-B135-0B8FD4205967}"
EndProject
Global
	GlobalSection(SolutionConfigurationPlatforms) = preSolution
		Debug|Any CPU = Debug|Any CPU
		Release|Any CPU = Release|Any CPU
	EndGlobalSection
	GlobalSection(ProjectConfigurationPlatforms) = postSolution
		{BAFA2FBA-EC5F-04D6-BF29-0D192F35C261}.Debug|Any CPU.ActiveCfg = Debug|Any CPU
		{BAFA2FBA-EC5F-04D6-BF29-0D192F35C261}.Debug|Any CPU.Build.0 = Debug|Any CPU
		{BAFA2FBA-EC5F-04D6-BF29-0D192F35C261}.Release|Any CPU.ActiveCfg = Release|Any CPU
		{BAFA2FBA-EC5F-04D6-BF29-0D192F35C261}.Release|Any CPU.Build.0 = Release|Any CPU
		{E5C02B01-CD46-1B1B-4F62-76F77FEBC80D}.Debug|Any CPU.ActiveCfg = Debug|Any CPU
		{E5C02B01-CD46-1B1B-4F62-76F77FEBC80D}.Debug|Any CPU.Build.0 = Debug|Any CPU
		{E5C02B01-CD46-1B1B-4F62-76F77FEBC80D}.Release|Any CPU.ActiveCfg = Release|Any CPU
		{E5C02B01-CD46-1B1B-4F62-76F77FEBC80D}.Release|Any CPU.Build.0 = Release|Any CPU
		{000CB633-0D45-BC8C-B135-0B8FD4205967}.Debug|Any CPU.ActiveCfg = Debug|Any CPU
		{000CB633-0D45-BC8C-B135-0B8FD4205967}.Debug|Any CPU.Build.0 = Debug|Any CPU
		{000CB633-0D45-BC8C-B135-0B8FD4205967}.Release|Any CPU.ActiveCfg = Release|Any CPU
		{000CB633-0D45-BC8C-B135-0B8FD4205967}.Release|Any CPU.Build.0 = Release|Any CPU
	EndGlobalSection
	GlobalSection(SolutionProperties) = preSolution
		HideSolutionNode = FALSE
	EndGlobalSection
EndGlobal
